// !$*UTF8*$!
{
	archiveVersion = 1;
	classes = {
	};
	objectVersion = 46;
	objects = {

/* Begin PBXBuildFile section */
		159DD7D719C31FEE00679EF7 /* Foundation.framework in Frameworks */ = {isa = PBXBuildFile; fileRef = 159DD7D619C31FEE00679EF7 /* Foundation.framework */; };
		159DD7D919C31FEE00679EF7 /* CoreGraphics.framework in Frameworks */ = {isa = PBXBuildFile; fileRef = 159DD7D819C31FEE00679EF7 /* CoreGraphics.framework */; };
		159DD7DB19C31FEE00679EF7 /* UIKit.framework in Frameworks */ = {isa = PBXBuildFile; fileRef = 159DD7DA19C31FEE00679EF7 /* UIKit.framework */; };
		159DD7E119C31FEE00679EF7 /* InfoPlist.strings in Resources */ = {isa = PBXBuildFile; fileRef = 159DD7DF19C31FEE00679EF7 /* InfoPlist.strings */; };
		159DD7E319C31FEE00679EF7 /* main.m in Sources */ = {isa = PBXBuildFile; fileRef = 159DD7E219C31FEE00679EF7 /* main.m */; };
		159DD7E719C31FEE00679EF7 /* NDAppDelegate.m in Sources */ = {isa = PBXBuildFile; fileRef = 159DD7E619C31FEE00679EF7 /* NDAppDelegate.m */; };
		159DD7EA19C31FEE00679EF7 /* Main.storyboard in Resources */ = {isa = PBXBuildFile; fileRef = 159DD7E819C31FEE00679EF7 /* Main.storyboard */; };
		159DD7ED19C31FEE00679EF7 /* NDViewController.m in Sources */ = {isa = PBXBuildFile; fileRef = 159DD7EC19C31FEE00679EF7 /* NDViewController.m */; };
		159DD7EF19C31FEE00679EF7 /* Images.xcassets in Resources */ = {isa = PBXBuildFile; fileRef = 159DD7EE19C31FEE00679EF7 /* Images.xcassets */; };
		159DD7F619C31FEE00679EF7 /* XCTest.framework in Frameworks */ = {isa = PBXBuildFile; fileRef = 159DD7F519C31FEE00679EF7 /* XCTest.framework */; };
		159DD7F719C31FEE00679EF7 /* Foundation.framework in Frameworks */ = {isa = PBXBuildFile; fileRef = 159DD7D619C31FEE00679EF7 /* Foundation.framework */; };
		159DD7F819C31FEE00679EF7 /* UIKit.framework in Frameworks */ = {isa = PBXBuildFile; fileRef = 159DD7DA19C31FEE00679EF7 /* UIKit.framework */; };
		159DD80019C31FEE00679EF7 /* InfoPlist.strings in Resources */ = {isa = PBXBuildFile; fileRef = 159DD7FE19C31FEE00679EF7 /* InfoPlist.strings */; };
		159DD80219C31FEE00679EF7 /* User_Data_Challenge_SolutionTests.m in Sources */ = {isa = PBXBuildFile; fileRef = 159DD80119C31FEE00679EF7 /* User_Data_Challenge_SolutionTests.m */; };
		159DD80D19C3201600679EF7 /* NDUserData.m in Sources */ = {isa = PBXBuildFile; fileRef = 159DD80C19C3201600679EF7 /* NDUserData.m */; };
		159DD80F19C3231900679EF7 /* nikkidurkin91.jpg in Resources */ = {isa = PBXBuildFile; fileRef = 159DD80E19C3231900679EF7 /* nikkidurkin91.jpg */; };
		159DD81119C3262D00679EF7 /* greengurkin.jpg in Resources */ = {isa = PBXBuildFile; fileRef = 159DD81019C3262D00679EF7 /* greengurkin.jpg */; };
		159DD81319C3270B00679EF7 /* janelu.jpg in Resources */ = {isa = PBXBuildFile; fileRef = 159DD81219C3270B00679EF7 /* janelu.jpg */; };
		159DD81519C32B6800679EF7 /* cecelia12.jpg in Resources */ = {isa = PBXBuildFile; fileRef = 159DD81419C32B6800679EF7 /* cecelia12.jpg */; };
		159DD8EE19C469ED00679EF7 /* NDTableViewController.m in Sources */ = {isa = PBXBuildFile; fileRef = 159DD8ED19C469ED00679EF7 /* NDTableViewController.m */; };
		159DD8F119C46EA800679EF7 /* NDScrollView.m in Sources */ = {isa = PBXBuildFile; fileRef = 159DD8F019C46EA800679EF7 /* NDScrollView.m */; };
		159DD8F619C4790000679EF7 /* NDUser.m in Sources */ = {isa = PBXBuildFile; fileRef = 159DD8F519C4790000679EF7 /* NDUser.m */; };
/* End PBXBuildFile section */

/* Begin PBXContainerItemProxy section */
		159DD7F919C31FEE00679EF7 /* PBXContainerItemProxy */ = {
			isa = PBXContainerItemProxy;
			containerPortal = 159DD7CB19C31FEE00679EF7 /* Project object */;
			proxyType = 1;
			remoteGlobalIDString = 159DD7D219C31FEE00679EF7;
			remoteInfo = "User Data Challenge Solution";
		};
/* End PBXContainerItemProxy section */

/* Begin PBXFileReference section */
		159DD7D319C31FEE00679EF7 /* User Data Challenge Solution.app */ = {isa = PBXFileReference; explicitFileType = wrapper.application; includeInIndex = 0; path = "User Data Challenge Solution.app"; sourceTree = BUILT_PRODUCTS_DIR; };
		159DD7D619C31FEE00679EF7 /* Foundation.framework */ = {isa = PBXFileReference; lastKnownFileType = wrapper.framework; name = Foundation.framework; path = System/Library/Frameworks/Foundation.framework; sourceTree = SDKROOT; };
		159DD7D819C31FEE00679EF7 /* CoreGraphics.framework */ = {isa = PBXFileReference; lastKnownFileType = wrapper.framework; name = CoreGraphics.framework; path = System/Library/Frameworks/CoreGraphics.framework; sourceTree = SDKROOT; };
		159DD7DA19C31FEE00679EF7 /* UIKit.framework */ = {isa = PBXFileReference; lastKnownFileType = wrapper.framework; name = UIKit.framework; path = System/Library/Frameworks/UIKit.framework; sourceTree = SDKROOT; };
		159DD7DE19C31FEE00679EF7 /* User Data Challenge Solution-Info.plist */ = {isa = PBXFileReference; lastKnownFileType = text.plist.xml; path = "User Data Challenge Solution-Info.plist"; sourceTree = "<group>"; };
		159DD7E019C31FEE00679EF7 /* en */ = {isa = PBXFileReference; lastKnownFileType = text.plist.strings; name = en; path = en.lproj/InfoPlist.strings; sourceTree = "<group>"; };
		159DD7E219C31FEE00679EF7 /* main.m */ = {isa = PBXFileReference; lastKnownFileType = sourcecode.c.objc; path = main.m; sourceTree = "<group>"; };
		159DD7E419C31FEE00679EF7 /* User Data Challenge Solution-Prefix.pch */ = {isa = PBXFileReference; lastKnownFileType = sourcecode.c.h; path = "User Data Challenge Solution-Prefix.pch"; sourceTree = "<group>"; };
		159DD7E519C31FEE00679EF7 /* NDAppDelegate.h */ = {isa = PBXFileReference; lastKnownFileType = sourcecode.c.h; path = NDAppDelegate.h; sourceTree = "<group>"; };
		159DD7E619C31FEE00679EF7 /* NDAppDelegate.m */ = {isa = PBXFileReference; lastKnownFileType = sourcecode.c.objc; path = NDAppDelegate.m; sourceTree = "<group>"; };
		159DD7E919C31FEE00679EF7 /* Base */ = {isa = PBXFileReference; lastKnownFileType = file.storyboard; name = Base; path = Base.lproj/Main.storyboard; sourceTree = "<group>"; };
		159DD7EB19C31FEE00679EF7 /* NDViewController.h */ = {isa = PBXFileReference; lastKnownFileType = sourcecode.c.h; path = NDViewController.h; sourceTree = "<group>"; };
		159DD7EC19C31FEE00679EF7 /* NDViewController.m */ = {isa = PBXFileReference; lastKnownFileType = sourcecode.c.objc; path = NDViewController.m; sourceTree = "<group>"; };
		159DD7EE19C31FEE00679EF7 /* Images.xcassets */ = {isa = PBXFileReference; lastKnownFileType = folder.assetcatalog; path = Images.xcassets; sourceTree = "<group>"; };
		159DD7F419C31FEE00679EF7 /* User Data Challenge SolutionTests.xctest */ = {isa = PBXFileReference; explicitFileType = wrapper.cfbundle; includeInIndex = 0; path = "User Data Challenge SolutionTests.xctest"; sourceTree = BUILT_PRODUCTS_DIR; };
		159DD7F519C31FEE00679EF7 /* XCTest.framework */ = {isa = PBXFileReference; lastKnownFileType = wrapper.framework; name = XCTest.framework; path = Library/Frameworks/XCTest.framework; sourceTree = DEVELOPER_DIR; };
		159DD7FD19C31FEE00679EF7 /* User Data Challenge SolutionTests-Info.plist */ = {isa = PBXFileReference; lastKnownFileType = text.plist.xml; path = "User Data Challenge SolutionTests-Info.plist"; sourceTree = "<group>"; };
		159DD7FF19C31FEE00679EF7 /* en */ = {isa = PBXFileReference; lastKnownFileType = text.plist.strings; name = en; path = en.lproj/InfoPlist.strings; sourceTree = "<group>"; };
		159DD80119C31FEE00679EF7 /* User_Data_Challenge_SolutionTests.m */ = {isa = PBXFileReference; lastKnownFileType = sourcecode.c.objc; path = User_Data_Challenge_SolutionTests.m; sourceTree = "<group>"; };
		159DD80B19C3201600679EF7 /* NDUserData.h */ = {isa = PBXFileReference; fileEncoding = 4; lastKnownFileType = sourcecode.c.h; name = NDUserData.h; path = ../NDUserData.h; sourceTree = "<group>"; };
		159DD80C19C3201600679EF7 /* NDUserData.m */ = {isa = PBXFileReference; fileEncoding = 4; lastKnownFileType = sourcecode.c.objc; name = NDUserData.m; path = ../NDUserData.m; sourceTree = "<group>"; };
		159DD80E19C3231900679EF7 /* nikkidurkin91.jpg */ = {isa = PBXFileReference; lastKnownFileType = image.jpeg; path = nikkidurkin91.jpg; sourceTree = "<group>"; };
		159DD81019C3262D00679EF7 /* greengurkin.jpg */ = {isa = PBXFileReference; lastKnownFileType = image.jpeg; path = greengurkin.jpg; sourceTree = "<group>"; };
		159DD81219C3270B00679EF7 /* janelu.jpg */ = {isa = PBXFileReference; lastKnownFileType = image.jpeg; path = janelu.jpg; sourceTree = "<group>"; };
		159DD81419C32B6800679EF7 /* cecelia12.jpg */ = {isa = PBXFileReference; lastKnownFileType = image.jpeg; path = cecelia12.jpg; sourceTree = "<group>"; };
		159DD8EC19C469ED00679EF7 /* NDTableViewController.h */ = {isa = PBXFileReference; fileEncoding = 4; lastKnownFileType = sourcecode.c.h; path = NDTableViewController.h; sourceTree = "<group>"; };
		159DD8ED19C469ED00679EF7 /* NDTableViewController.m */ = {isa = PBXFileReference; fileEncoding = 4; lastKnownFileType = sourcecode.c.objc; path = NDTableViewController.m; sourceTree = "<group>"; };
		159DD8EF19C46EA800679EF7 /* NDScrollView.h */ = {isa = PBXFileReference; fileEncoding = 4; lastKnownFileType = sourcecode.c.h; path = NDScrollView.h; sourceTree = "<group>"; };
		159DD8F019C46EA800679EF7 /* NDScrollView.m */ = {isa = PBXFileReference; fileEncoding = 4; lastKnownFileType = sourcecode.c.objc; path = NDScrollView.m; sourceTree = "<group>"; };
		159DD8F419C4790000679EF7 /* NDUser.h */ = {isa = PBXFileReference; fileEncoding = 4; lastKnownFileType = sourcecode.c.h; path = NDUser.h; sourceTree = "<group>"; };
		159DD8F519C4790000679EF7 /* NDUser.m */ = {isa = PBXFileReference; fileEncoding = 4; lastKnownFileType = sourcecode.c.objc; path = NDUser.m; sourceTree = "<group>"; };
/* End PBXFileReference section */

/* Begin PBXFrameworksBuildPhase section */
		159DD7D019C31FEE00679EF7 /* Frameworks */ = {
			isa = PBXFrameworksBuildPhase;
			buildActionMask = 2147483647;
			files = (
				159DD7D919C31FEE00679EF7 /* CoreGraphics.framework in Frameworks */,
				159DD7DB19C31FEE00679EF7 /* UIKit.framework in Frameworks */,
				159DD7D719C31FEE00679EF7 /* Foundation.framework in Frameworks */,
			);
			runOnlyForDeploymentPostprocessing = 0;
		};
		159DD7F119C31FEE00679EF7 /* Frameworks */ = {
			isa = PBXFrameworksBuildPhase;
			buildActionMask = 2147483647;
			files = (
				159DD7F619C31FEE00679EF7 /* XCTest.framework in Frameworks */,
				159DD7F819C31FEE00679EF7 /* UIKit.framework in Frameworks */,
				159DD7F719C31FEE00679EF7 /* Foundation.framework in Frameworks */,
			);
			runOnlyForDeploymentPostprocessing = 0;
		};
/* End PBXFrameworksBuildPhase section */

/* Begin PBXGroup section */
		159DD7CA19C31FEE00679EF7 = {
			isa = PBXGroup;
			children = (
				159DD7DC19C31FEE00679EF7 /* User Data Challenge Solution */,
				159DD7FB19C31FEE00679EF7 /* User Data Challenge SolutionTests */,
				159DD7D519C31FEE00679EF7 /* Frameworks */,
				159DD7D419C31FEE00679EF7 /* Products */,
			);
			sourceTree = "<group>";
		};
		159DD7D419C31FEE00679EF7 /* Products */ = {
			isa = PBXGroup;
			children = (
				159DD7D319C31FEE00679EF7 /* User Data Challenge Solution.app */,
				159DD7F419C31FEE00679EF7 /* User Data Challenge SolutionTests.xctest */,
			);
			name = Products;
			sourceTree = "<group>";
		};
		159DD7D519C31FEE00679EF7 /* Frameworks */ = {
			isa = PBXGroup;
			children = (
				159DD7D619C31FEE00679EF7 /* Foundation.framework */,
				159DD7D819C31FEE00679EF7 /* CoreGraphics.framework */,
				159DD7DA19C31FEE00679EF7 /* UIKit.framework */,
				159DD7F519C31FEE00679EF7 /* XCTest.framework */,
			);
			name = Frameworks;
			sourceTree = "<group>";
		};
		159DD7DC19C31FEE00679EF7 /* User Data Challenge Solution */ = {
			isa = PBXGroup;
			children = (
				159DD7E519C31FEE00679EF7 /* NDAppDelegate.h */,
				159DD7E619C31FEE00679EF7 /* NDAppDelegate.m */,
				159DD7E819C31FEE00679EF7 /* Main.storyboard */,
				159DD8F219C46EFD00679EF7 /* View Controllers */,
				159DD81619C32BB500679EF7 /* Model */,
				159DD7EE19C31FEE00679EF7 /* Images.xcassets */,
				159DD7DD19C31FEE00679EF7 /* Supporting Files */,
			);
			path = "User Data Challenge Solution";
			sourceTree = "<group>";
		};
		159DD7DD19C31FEE00679EF7 /* Supporting Files */ = {
			isa = PBXGroup;
			children = (
				159DD81419C32B6800679EF7 /* cecelia12.jpg */,
				159DD81219C3270B00679EF7 /* janelu.jpg */,
				159DD81019C3262D00679EF7 /* greengurkin.jpg */,
				159DD80E19C3231900679EF7 /* nikkidurkin91.jpg */,
				159DD7DE19C31FEE00679EF7 /* User Data Challenge Solution-Info.plist */,
				159DD7DF19C31FEE00679EF7 /* InfoPlist.strings */,
				159DD7E219C31FEE00679EF7 /* main.m */,
				159DD7E419C31FEE00679EF7 /* User Data Challenge Solution-Prefix.pch */,
			);
			name = "Supporting Files";
			sourceTree = "<group>";
		};
		159DD7FB19C31FEE00679EF7 /* User Data Challenge SolutionTests */ = {
			isa = PBXGroup;
			children = (
				159DD80119C31FEE00679EF7 /* User_Data_Challenge_SolutionTests.m */,
				159DD7FC19C31FEE00679EF7 /* Supporting Files */,
			);
			path = "User Data Challenge SolutionTests";
			sourceTree = "<group>";
		};
		159DD7FC19C31FEE00679EF7 /* Supporting Files */ = {
			isa = PBXGroup;
			children = (
				159DD7FD19C31FEE00679EF7 /* User Data Challenge SolutionTests-Info.plist */,
				159DD7FE19C31FEE00679EF7 /* InfoPlist.strings */,
			);
			name = "Supporting Files";
			sourceTree = "<group>";
		};
		159DD81619C32BB500679EF7 /* Model */ = {
			isa = PBXGroup;
			children = (
				159DD80B19C3201600679EF7 /* NDUserData.h */,
				159DD80C19C3201600679EF7 /* NDUserData.m */,
				159DD8F419C4790000679EF7 /* NDUser.h */,
				159DD8F519C4790000679EF7 /* NDUser.m */,
			);
			name = Model;
			sourceTree = "<group>";
		};
		159DD8F219C46EFD00679EF7 /* View Controllers */ = {
			isa = PBXGroup;
			children = (
				159DD8EC19C469ED00679EF7 /* NDTableViewController.h */,
				159DD8ED19C469ED00679EF7 /* NDTableViewController.m */,
				159DD8F319C46F6B00679EF7 /* Details */,
			);
			name = "View Controllers";
			sourceTree = "<group>";
		};
		159DD8F319C46F6B00679EF7 /* Details */ = {
			isa = PBXGroup;
			children = (
				159DD7EB19C31FEE00679EF7 /* NDViewController.h */,
				159DD7EC19C31FEE00679EF7 /* NDViewController.m */,
				159DD8EF19C46EA800679EF7 /* NDScrollView.h */,
				159DD8F019C46EA800679EF7 /* NDScrollView.m */,
			);
			name = Details;
			sourceTree = "<group>";
		};
/* End PBXGroup section */

/* Begin PBXNativeTarget section */
		159DD7D219C31FEE00679EF7 /* User Data Challenge Solution */ = {
			isa = PBXNativeTarget;
			buildConfigurationList = 159DD80519C31FEE00679EF7 /* Build configuration list for PBXNativeTarget "User Data Challenge Solution" */;
			buildPhases = (
				159DD7CF19C31FEE00679EF7 /* Sources */,
				159DD7D019C31FEE00679EF7 /* Frameworks */,
				159DD7D119C31FEE00679EF7 /* Resources */,
			);
			buildRules = (
			);
			dependencies = (
			);
			name = "User Data Challenge Solution";
			productName = "User Data Challenge Solution";
			productReference = 159DD7D319C31FEE00679EF7 /* User Data Challenge Solution.app */;
			productType = "com.apple.product-type.application";
		};
		159DD7F319C31FEE00679EF7 /* User Data Challenge SolutionTests */ = {
			isa = PBXNativeTarget;
			buildConfigurationList = 159DD80819C31FEE00679EF7 /* Build configuration list for PBXNativeTarget "User Data Challenge SolutionTests" */;
			buildPhases = (
				159DD7F019C31FEE00679EF7 /* Sources */,
				159DD7F119C31FEE00679EF7 /* Frameworks */,
				159DD7F219C31FEE00679EF7 /* Resources */,
			);
			buildRules = (
			);
			dependencies = (
				159DD7FA19C31FEE00679EF7 /* PBXTargetDependency */,
			);
			name = "User Data Challenge SolutionTests";
			productName = "User Data Challenge SolutionTests";
			productReference = 159DD7F419C31FEE00679EF7 /* User Data Challenge SolutionTests.xctest */;
			productType = "com.apple.product-type.bundle.unit-test";
		};
/* End PBXNativeTarget section */

/* Begin PBXProject section */
		159DD7CB19C31FEE00679EF7 /* Project object */ = {
			isa = PBXProject;
			attributes = {
				CLASSPREFIX = ND;
				LastUpgradeCheck = 0510;
				ORGANIZATIONNAME = "___FULLUSERNAME___";
				TargetAttributes = {
					159DD7F319C31FEE00679EF7 = {
						TestTargetID = 159DD7D219C31FEE00679EF7;
					};
				};
			};
			buildConfigurationList = 159DD7CE19C31FEE00679EF7 /* Build configuration list for PBXProject "User Data Challenge Solution" */;
			compatibilityVersion = "Xcode 3.2";
			developmentRegion = English;
			hasScannedForEncodings = 0;
			knownRegions = (
				en,
				Base,
			);
			mainGroup = 159DD7CA19C31FEE00679EF7;
			productRefGroup = 159DD7D419C31FEE00679EF7 /* Products */;
			projectDirPath = "";
			projectRoot = "";
			targets = (
				159DD7D219C31FEE00679EF7 /* User Data Challenge Solution */,
				159DD7F319C31FEE00679EF7 /* User Data Challenge SolutionTests */,
			);
		};
/* End PBXProject section */

/* Begin PBXResourcesBuildPhase section */
		159DD7D119C31FEE00679EF7 /* Resources */ = {
			isa = PBXResourcesBuildPhase;
			buildActionMask = 2147483647;
			files = (
				159DD81319C3270B00679EF7 /* janelu.jpg in Resources */,
				159DD7EF19C31FEE00679EF7 /* Images.xcassets in Resources */,
				159DD80F19C3231900679EF7 /* nikkidurkin91.jpg in Resources */,
				159DD81119C3262D00679EF7 /* greengurkin.jpg in Resources */,
				159DD7E119C31FEE00679EF7 /* InfoPlist.strings in Resources */,
				159DD7EA19C31FEE00679EF7 /* Main.storyboard in Resources */,
				159DD81519C32B6800679EF7 /* cecelia12.jpg in Resources */,
			);
			runOnlyForDeploymentPostprocessing = 0;
		};
		159DD7F219C31FEE00679EF7 /* Resources */ = {
			isa = PBXResourcesBuildPhase;
			buildActionMask = 2147483647;
			files = (
				159DD80019C31FEE00679EF7 /* InfoPlist.strings in Resources */,
			);
			runOnlyForDeploymentPostprocessing = 0;
		};
/* End PBXResourcesBuildPhase section */

/* Begin PBXSourcesBuildPhase section */
		159DD7CF19C31FEE00679EF7 /* Sources */ = {
			isa = PBXSourcesBuildPhase;
			buildActionMask = 2147483647;
			files = (
				159DD7ED19C31FEE00679EF7 /* NDViewController.m in Sources */,
				159DD7E719C31FEE00679EF7 /* NDAppDelegate.m in Sources */,
				159DD80D19C3201600679EF7 /* NDUserData.m in Sources */,
				159DD8EE19C469ED00679EF7 /* NDTableViewController.m in Sources */,
				159DD7E319C31FEE00679EF7 /* main.m in Sources */,
				159DD8F619C4790000679EF7 /* NDUser.m in Sources */,
				159DD8F119C46EA800679EF7 /* NDScrollView.m in Sources */,
			);
			runOnlyForDeploymentPostprocessing = 0;
		};
		159DD7F019C31FEE00679EF7 /* Sources */ = {
			isa = PBXSourcesBuildPhase;
			buildActionMask = 2147483647;
			files = (
				159DD80219C31FEE00679EF7 /* User_Data_Challenge_SolutionTests.m in Sources */,
			);
			runOnlyForDeploymentPostprocessing = 0;
		};
/* End PBXSourcesBuildPhase section */

/* Begin PBXTargetDependency section */
		159DD7FA19C31FEE00679EF7 /* PBXTargetDependency */ = {
			isa = PBXTargetDependency;
			target = 159DD7D219C31FEE00679EF7 /* User Data Challenge Solution */;
			targetProxy = 159DD7F919C31FEE00679EF7 /* PBXContainerItemProxy */;
		};
/* End PBXTargetDependency section */

/* Begin PBXVariantGroup section */
		159DD7DF19C31FEE00679EF7 /* InfoPlist.strings */ = {
			isa = PBXVariantGroup;
			children = (
				159DD7E019C31FEE00679EF7 /* en */,
			);
			name = InfoPlist.strings;
			sourceTree = "<group>";
		};
		159DD7E819C31FEE00679EF7 /* Main.storyboard */ = {
			isa = PBXVariantGroup;
			children = (
				159DD7E919C31FEE00679EF7 /* Base */,
			);
			name = Main.storyboard;
			sourceTree = "<group>";
		};
		159DD7FE19C31FEE00679EF7 /* InfoPlist.strings */ = {
			isa = PBXVariantGroup;
			children = (
				159DD7FF19C31FEE00679EF7 /* en */,
			);
			name = InfoPlist.strings;
			sourceTree = "<group>";
		};
/* End PBXVariantGroup section */

/* Begin XCBuildConfiguration section */
		159DD80319C31FEE00679EF7 /* Debug */ = {
			isa = XCBuildConfiguration;
			buildSettings = {
				ALWAYS_SEARCH_USER_PATHS = NO;
				CLANG_CXX_LANGUAGE_STANDARD = "gnu++0x";
				CLANG_CXX_LIBRARY = "libc++";
				CLANG_ENABLE_MODULES = YES;
				CLANG_ENABLE_OBJC_ARC = YES;
				CLANG_WARN_BOOL_CONVERSION = YES;
				CLANG_WARN_CONSTANT_CONVERSION = YES;
				CLANG_WARN_DIRECT_OBJC_ISA_USAGE = YES_ERROR;
				CLANG_WARN_EMPTY_BODY = YES;
				CLANG_WARN_ENUM_CONVERSION = YES;
				CLANG_WARN_INT_CONVERSION = YES;
				CLANG_WARN_OBJC_ROOT_CLASS = YES_ERROR;
				CLANG_WARN__DUPLICATE_METHOD_MATCH = YES;
				"CODE_SIGN_IDENTITY[sdk=iphoneos*]" = "iPhone Developer";
				COPY_PHASE_STRIP = NO;
				GCC_C_LANGUAGE_STANDARD = gnu99;
				GCC_DYNAMIC_NO_PIC = NO;
				GCC_OPTIMIZATION_LEVEL = 0;
				GCC_PREPROCESSOR_DEFINITIONS = (
					"DEBUG=1",
					"$(inherited)",
				);
				GCC_SYMBOLS_PRIVATE_EXTERN = NO;
				GCC_WARN_64_TO_32_BIT_CONVERSION = YES;
				GCC_WARN_ABOUT_RETURN_TYPE = YES_ERROR;
				GCC_WARN_UNDECLARED_SELECTOR = YES;
				GCC_WARN_UNINITIALIZED_AUTOS = YES_AGGRESSIVE;
				GCC_WARN_UNUSED_FUNCTION = YES;
				GCC_WARN_UNUSED_VARIABLE = YES;
				IPHONEOS_DEPLOYMENT_TARGET = 7.1;
				ONLY_ACTIVE_ARCH = YES;
				SDKROOT = iphoneos;
			};
			name = Debug;
		};
		159DD80419C31FEE00679EF7 /* Release */ = {
			isa = XCBuildConfiguration;
			buildSettings = {
				ALWAYS_SEARCH_USER_PATHS = NO;
				CLANG_CXX_LANGUAGE_STANDARD = "gnu++0x";
				CLANG_CXX_LIBRARY = "libc++";
				CLANG_ENABLE_MODULES = YES;
				CLANG_ENABLE_OBJC_ARC = YES;
				CLANG_WARN_BOOL_CONVERSION = YES;
				CLANG_WARN_CONSTANT_CONVERSION = YES;
				CLANG_WARN_DIRECT_OBJC_ISA_USAGE = YES_ERROR;
				CLANG_WARN_EMPTY_BODY = YES;
				CLANG_WARN_ENUM_CONVERSION = YES;
				CLANG_WARN_INT_CONVERSION = YES;
				CLANG_WARN_OBJC_ROOT_CLASS = YES_ERROR;
				CLANG_WARN__DUPLICATE_METHOD_MATCH = YES;
				"CODE_SIGN_IDENTITY[sdk=iphoneos*]" = "iPhone Developer";
				COPY_PHASE_STRIP = YES;
				ENABLE_NS_ASSERTIONS = NO;
				GCC_C_LANGUAGE_STANDARD = gnu99;
				GCC_WARN_64_TO_32_BIT_CONVERSION = YES;
				GCC_WARN_ABOUT_RETURN_TYPE = YES_ERROR;
				GCC_WARN_UNDECLARED_SELECTOR = YES;
				GCC_WARN_UNINITIALIZED_AUTOS = YES_AGGRESSIVE;
				GCC_WARN_UNUSED_FUNCTION = YES;
				GCC_WARN_UNUSED_VARIABLE = YES;
				IPHONEOS_DEPLOYMENT_TARGET = 7.1;
				SDKROOT = iphoneos;
				VALIDATE_PRODUCT = YES;
			};
			name = Release;
		};
		159DD80619C31FEE00679EF7 /* Debug */ = {
			isa = XCBuildConfiguration;
			buildSettings = {
				ASSETCATALOG_COMPILER_APPICON_NAME = AppIcon;
				ASSETCATALOG_COMPILER_LAUNCHIMAGE_NAME = LaunchImage;
				GCC_PRECOMPILE_PREFIX_HEADER = YES;
				GCC_PREFIX_HEADER = "User Data Challenge Solution/User Data Challenge Solution-Prefix.pch";
				INFOPLIST_FILE = "User Data Challenge Solution/User Data Challenge Solution-Info.plist";
				PRODUCT_NAME = "$(TARGET_NAME)";
				WRAPPER_EXTENSION = app;
			};
			name = Debug;
		};
		159DD80719C31FEE00679EF7 /* Release */ = {
			isa = XCBuildConfiguration;
			buildSettings = {
				ASSETCATALOG_COMPILER_APPICON_NAME = AppIcon;
				ASSETCATALOG_COMPILER_LAUNCHIMAGE_NAME = LaunchImage;
				GCC_PRECOMPILE_PREFIX_HEADER = YES;
				GCC_PREFIX_HEADER = "User Data Challenge Solution/User Data Challenge Solution-Prefix.pch";
				INFOPLIST_FILE = "User Data Challenge Solution/User Data Challenge Solution-Info.plist";
				PRODUCT_NAME = "$(TARGET_NAME)";
				WRAPPER_EXTENSION = app;
			};
			name = Release;
		};
		159DD80919C31FEE00679EF7 /* Debug */ = {
			isa = XCBuildConfiguration;
			buildSettings = {
				BUNDLE_LOADER = "$(BUILT_PRODUCTS_DIR)/User Data Challenge Solution.app/User Data Challenge Solution";
				FRAMEWORK_SEARCH_PATHS = (
					"$(SDKROOT)/Developer/Library/Frameworks",
					"$(inherited)",
					"$(DEVELOPER_FRAMEWORKS_DIR)",
				);
				GCC_PRECOMPILE_PREFIX_HEADER = YES;
				GCC_PREFIX_HEADER = "User Data Challenge Solution/User Data Challenge Solution-Prefix.pch";
				GCC_PREPROCESSOR_DEFINITIONS = (
					"DEBUG=1",
					"$(inherited)",
				);
				INFOPLIST_FILE = "User Data Challenge SolutionTests/User Data Challenge SolutionTests-Info.plist";
				PRODUCT_NAME = "$(TARGET_NAME)";
				TEST_HOST = "$(BUNDLE_LOADER)";
				WRAPPER_EXTENSION = xctest;
			};
			name = Debug;
		};
		159DD80A19C31FEE00679EF7 /* Release */ = {
			isa = XCBuildConfiguration;
			buildSettings = {
				BUNDLE_LOADER = "$(BUILT_PRODUCTS_DIR)/User Data Challenge Solution.app/User Data Challenge Solution";
				FRAMEWORK_SEARCH_PATHS = (
					"$(SDKROOT)/Developer/Library/Frameworks",
					"$(inherited)",
					"$(DEVELOPER_FRAMEWORKS_DIR)",
				);
				GCC_PRECOMPILE_PREFIX_HEADER = YES;
				GCC_PREFIX_HEADER = "User Data Challenge Solution/User Data Challenge Solution-Prefix.pch";
				INFOPLIST_FILE = "User Data Challenge SolutionTests/User Data Challenge SolutionTests-Info.plist";
				PRODUCT_NAME = "$(TARGET_NAME)";
				TEST_HOST = "$(BUNDLE_LOADER)";
				WRAPPER_EXTENSION = xctest;
			};
			name = Release;
		};
/* End XCBuildConfiguration section */

/* Begin XCConfigurationList section */
		159DD7CE19C31FEE00679EF7 /* Build configuration list for PBXProject "User Data Challenge Solution" */ = {
			isa = XCConfigurationList;
			buildConfigurations = (
				159DD80319C31FEE00679EF7 /* Debug */,
				159DD80419C31FEE00679EF7 /* Release */,
			);
			defaultConfigurationIsVisible = 0;
			defaultConfigurationName = Release;
		};
		159DD80519C31FEE00679EF7 /* Build configuration list for PBXNativeTarget "User Data Challenge Solution" */ = {
			isa = XCConfigurationList;
			buildConfigurations = (
				159DD80619C31FEE00679EF7 /* Debug */,
				159DD80719C31FEE00679EF7 /* Release */,
			);
			defaultConfigurationIsVisible = 0;
			defaultConfigurationName = Release;
		};
		159DD80819C31FEE00679EF7 /* Build configuration list for PBXNativeTarget "User Data Challenge SolutionTests" */ = {
			isa = XCConfigurationList;
			buildConfigurations = (
				159DD80919C31FEE00679EF7 /* Debug */,
				159DD80A19C31FEE00679EF7 /* Release */,
			);
			defaultConfigurationIsVisible = 0;
			defaultConfigurationName = Release;
		};
/* End XCConfigurationList section */
	};
	rootObject = 159DD7CB19C31FEE00679EF7 /* Project object */;
}
